// !$*UTF8*$!
{
	archiveVersion = 1;
	classes = {
	};
	objectVersion = 56;
	objects = {

/* Begin PBXBuildFile section */
		7980F13D29E00E1700CBC3B7 /* AppDelegate.swift in Sources */ = {isa = PBXBuildFile; fileRef = 7980F13C29E00E1700CBC3B7 /* AppDelegate.swift */; };
		7980F13F29E00E1700CBC3B7 /* SceneDelegate.swift in Sources */ = {isa = PBXBuildFile; fileRef = 7980F13E29E00E1700CBC3B7 /* SceneDelegate.swift */; };
		7980F14129E00E1700CBC3B7 /* ViewController.swift in Sources */ = {isa = PBXBuildFile; fileRef = 7980F14029E00E1700CBC3B7 /* ViewController.swift */; };
		7980F14429E00E1700CBC3B7 /* Main.storyboard in Resources */ = {isa = PBXBuildFile; fileRef = 7980F14229E00E1700CBC3B7 /* Main.storyboard */; };
		7980F14629E00E1900CBC3B7 /* Assets.xcassets in Resources */ = {isa = PBXBuildFile; fileRef = 7980F14529E00E1900CBC3B7 /* Assets.xcassets */; };
		7980F14929E00E1900CBC3B7 /* LaunchScreen.storyboard in Resources */ = {isa = PBXBuildFile; fileRef = 7980F14729E00E1900CBC3B7 /* LaunchScreen.storyboard */; };
		7980F15429E00E1900CBC3B7 /* NumbersTests.swift in Sources */ = {isa = PBXBuildFile; fileRef = 7980F15329E00E1900CBC3B7 /* NumbersTests.swift */; };
		7980F15E29E00E1900CBC3B7 /* NumbersUITests.swift in Sources */ = {isa = PBXBuildFile; fileRef = 7980F15D29E00E1900CBC3B7 /* NumbersUITests.swift */; };
		7980F16029E00E1900CBC3B7 /* NumbersUITestsLaunchTests.swift in Sources */ = {isa = PBXBuildFile; fileRef = 7980F15F29E00E1900CBC3B7 /* NumbersUITestsLaunchTests.swift */; };
/* End PBXBuildFile section */

/* Begin PBXContainerItemProxy section */
		7980F15029E00E1900CBC3B7 /* PBXContainerItemProxy */ = {
			isa = PBXContainerItemProxy;
			containerPortal = 7980F13129E00E1700CBC3B7 /* Project object */;
			proxyType = 1;
			remoteGlobalIDString = 7980F13829E00E1700CBC3B7;
			remoteInfo = Numbers;
		};
		7980F15A29E00E1900CBC3B7 /* PBXContainerItemProxy */ = {
			isa = PBXContainerItemProxy;
			containerPortal = 7980F13129E00E1700CBC3B7 /* Project object */;
			proxyType = 1;
			remoteGlobalIDString = 7980F13829E00E1700CBC3B7;
			remoteInfo = Numbers;
		};
/* End PBXContainerItemProxy section */

/* Begin PBXFileReference section */
		7980F13929E00E1700CBC3B7 /* Numbers.app */ = {isa = PBXFileReference; explicitFileType = wrapper.application; includeInIndex = 0; path = Numbers.app; sourceTree = BUILT_PRODUCTS_DIR; };
		7980F13C29E00E1700CBC3B7 /* AppDelegate.swift */ = {isa = PBXFileReference; lastKnownFileType = sourcecode.swift; path = AppDelegate.swift; sourceTree = "<group>"; };
		7980F13E29E00E1700CBC3B7 /* SceneDelegate.swift */ = {isa = PBXFileReference; lastKnownFileType = sourcecode.swift; path = SceneDelegate.swift; sourceTree = "<group>"; };
		7980F14029E00E1700CBC3B7 /* ViewController.swift */ = {isa = PBXFileReference; lastKnownFileType = sourcecode.swift; path = ViewController.swift; sourceTree = "<group>"; };
		7980F14329E00E1700CBC3B7 /* Base */ = {isa = PBXFileReference; lastKnownFileType = file.storyboard; name = Base; path = Base.lproj/Main.storyboard; sourceTree = "<group>"; };
		7980F14529E00E1900CBC3B7 /* Assets.xcassets */ = {isa = PBXFileReference; lastKnownFileType = folder.assetcatalog; path = Assets.xcassets; sourceTree = "<group>"; };
		7980F14829E00E1900CBC3B7 /* Base */ = {isa = PBXFileReference; lastKnownFileType = file.storyboard; name = Base; path = Base.lproj/LaunchScreen.storyboard; sourceTree = "<group>"; };
		7980F14A29E00E1900CBC3B7 /* Info.plist */ = {isa = PBXFileReference; lastKnownFileType = text.plist.xml; path = Info.plist; sourceTree = "<group>"; };
		7980F14F29E00E1900CBC3B7 /* NumbersTests.xctest */ = {isa = PBXFileReference; explicitFileType = wrapper.cfbundle; includeInIndex = 0; path = NumbersTests.xctest; sourceTree = BUILT_PRODUCTS_DIR; };
		7980F15329E00E1900CBC3B7 /* NumbersTests.swift */ = {isa = PBXFileReference; lastKnownFileType = sourcecode.swift; path = NumbersTests.swift; sourceTree = "<group>"; };
		7980F15929E00E1900CBC3B7 /* NumbersUITests.xctest */ = {isa = PBXFileReference; explicitFileType = wrapper.cfbundle; includeInIndex = 0; path = NumbersUITests.xctest; sourceTree = BUILT_PRODUCTS_DIR; };
		7980F15D29E00E1900CBC3B7 /* NumbersUITests.swift */ = {isa = PBXFileReference; lastKnownFileType = sourcecode.swift; path = NumbersUITests.swift; sourceTree = "<group>"; };
		7980F15F29E00E1900CBC3B7 /* NumbersUITestsLaunchTests.swift */ = {isa = PBXFileReference; lastKnownFileType = sourcecode.swift; path = NumbersUITestsLaunchTests.swift; sourceTree = "<group>"; };
/* End PBXFileReference section */

/* Begin PBXFrameworksBuildPhase section */
		7980F13629E00E1700CBC3B7 /* Frameworks */ = {
			isa = PBXFrameworksBuildPhase;
			buildActionMask = 2147483647;
			files = (
			);
			runOnlyForDeploymentPostprocessing = 0;
		};
		7980F14C29E00E1900CBC3B7 /* Frameworks */ = {
			isa = PBXFrameworksBuildPhase;
			buildActionMask = 2147483647;
			files = (
			);
			runOnlyForDeploymentPostprocessing = 0;
		};
		7980F15629E00E1900CBC3B7 /* Frameworks */ = {
			isa = PBXFrameworksBuildPhase;
			buildActionMask = 2147483647;
			files = (
			);
			runOnlyForDeploymentPostprocessing = 0;
		};
/* End PBXFrameworksBuildPhase section */

/* Begin PBXGroup section */
		7980F13029E00E1700CBC3B7 = {
			isa = PBXGroup;
			children = (
				7980F13B29E00E1700CBC3B7 /* Numbers */,
				7980F15229E00E1900CBC3B7 /* NumbersTests */,
				7980F15C29E00E1900CBC3B7 /* NumbersUITests */,
				7980F13A29E00E1700CBC3B7 /* Products */,
			);
			sourceTree = "<group>";
		};
		7980F13A29E00E1700CBC3B7 /* Products */ = {
			isa = PBXGroup;
			children = (
				7980F13929E00E1700CBC3B7 /* Numbers.app */,
				7980F14F29E00E1900CBC3B7 /* NumbersTests.xctest */,
				7980F15929E00E1900CBC3B7 /* NumbersUITests.xctest */,
			);
			name = Products;
			sourceTree = "<group>";
		};
		7980F13B29E00E1700CBC3B7 /* Numbers */ = {
			isa = PBXGroup;
			children = (
				7980F13C29E00E1700CBC3B7 /* AppDelegate.swift */,
				7980F13E29E00E1700CBC3B7 /* SceneDelegate.swift */,
				7980F14029E00E1700CBC3B7 /* ViewController.swift */,
				7980F14229E00E1700CBC3B7 /* Main.storyboard */,
				7980F14529E00E1900CBC3B7 /* Assets.xcassets */,
				7980F14729E00E1900CBC3B7 /* LaunchScreen.storyboard */,
				7980F14A29E00E1900CBC3B7 /* Info.plist */,
			);
			path = Numbers;
			sourceTree = "<group>";
		};
		7980F15229E00E1900CBC3B7 /* NumbersTests */ = {
			isa = PBXGroup;
			children = (
				7980F15329E00E1900CBC3B7 /* NumbersTests.swift */,
			);
			path = NumbersTests;
			sourceTree = "<group>";
		};
		7980F15C29E00E1900CBC3B7 /* NumbersUITests */ = {
			isa = PBXGroup;
			children = (
				7980F15D29E00E1900CBC3B7 /* NumbersUITests.swift */,
				7980F15F29E00E1900CBC3B7 /* NumbersUITestsLaunchTests.swift */,
			);
			path = NumbersUITests;
			sourceTree = "<group>";
		};
/* End PBXGroup section */

/* Begin PBXNativeTarget section */
		7980F13829E00E1700CBC3B7 /* Numbers */ = {
			isa = PBXNativeTarget;
			buildConfigurationList = 7980F16329E00E1900CBC3B7 /* Build configuration list for PBXNativeTarget "Numbers" */;
			buildPhases = (
				7980F13529E00E1700CBC3B7 /* Sources */,
				7980F13629E00E1700CBC3B7 /* Frameworks */,
				7980F13729E00E1700CBC3B7 /* Resources */,
			);
			buildRules = (
			);
			dependencies = (
			);
			name = Numbers;
			productName = Numbers;
			productReference = 7980F13929E00E1700CBC3B7 /* Numbers.app */;
			productType = "com.apple.product-type.application";
		};
		7980F14E29E00E1900CBC3B7 /* NumbersTests */ = {
			isa = PBXNativeTarget;
			buildConfigurationList = 7980F16629E00E1900CBC3B7 /* Build configuration list for PBXNativeTarget "NumbersTests" */;
			buildPhases = (
				7980F14B29E00E1900CBC3B7 /* Sources */,
				7980F14C29E00E1900CBC3B7 /* Frameworks */,
				7980F14D29E00E1900CBC3B7 /* Resources */,
			);
			buildRules = (
			);
			dependencies = (
				7980F15129E00E1900CBC3B7 /* PBXTargetDependency */,
			);
			name = NumbersTests;
			productName = NumbersTests;
			productReference = 7980F14F29E00E1900CBC3B7 /* NumbersTests.xctest */;
			productType = "com.apple.product-type.bundle.unit-test";
		};
		7980F15829E00E1900CBC3B7 /* NumbersUITests */ = {
			isa = PBXNativeTarget;
			buildConfigurationList = 7980F16929E00E1900CBC3B7 /* Build configuration list for PBXNativeTarget "NumbersUITests" */;
			buildPhases = (
				7980F15529E00E1900CBC3B7 /* Sources */,
				7980F15629E00E1900CBC3B7 /* Frameworks */,
				7980F15729E00E1900CBC3B7 /* Resources */,
			);
			buildRules = (
			);
			dependencies = (
				7980F15B29E00E1900CBC3B7 /* PBXTargetDependency */,
			);
			name = NumbersUITests;
			productName = NumbersUITests;
			productReference = 7980F15929E00E1900CBC3B7 /* NumbersUITests.xctest */;
			productType = "com.apple.product-type.bundle.ui-testing";
		};
/* End PBXNativeTarget section */

/* Begin PBXProject section */
		7980F13129E00E1700CBC3B7 /* Project object */ = {
			isa = PBXProject;
			attributes = {
				BuildIndependentTargetsInParallel = 1;
				LastSwiftUpdateCheck = 1420;
				LastUpgradeCheck = 1420;
				TargetAttributes = {
					7980F13829E00E1700CBC3B7 = {
						CreatedOnToolsVersion = 14.2;
					};
					7980F14E29E00E1900CBC3B7 = {
						CreatedOnToolsVersion = 14.2;
						TestTargetID = 7980F13829E00E1700CBC3B7;
					};
					7980F15829E00E1900CBC3B7 = {
						CreatedOnToolsVersion = 14.2;
						TestTargetID = 7980F13829E00E1700CBC3B7;
					};
				};
			};
			buildConfigurationList = 7980F13429E00E1700CBC3B7 /* Build configuration list for PBXProject "Numbers" */;
			compatibilityVersion = "Xcode 14.0";
			developmentRegion = en;
			hasScannedForEncodings = 0;
			knownRegions = (
				en,
				Base,
			);
			mainGroup = 7980F13029E00E1700CBC3B7;
			productRefGroup = 7980F13A29E00E1700CBC3B7 /* Products */;
			projectDirPath = "";
			projectRoot = "";
			targets = (
				7980F13829E00E1700CBC3B7 /* Numbers */,
				7980F14E29E00E1900CBC3B7 /* NumbersTests */,
				7980F15829E00E1900CBC3B7 /* NumbersUITests */,
			);
		};
/* End PBXProject section */

/* Begin PBXResourcesBuildPhase section */
		7980F13729E00E1700CBC3B7 /* Resources */ = {
			isa = PBXResourcesBuildPhase;
			buildActionMask = 2147483647;
			files = (
				7980F14929E00E1900CBC3B7 /* LaunchScreen.storyboard in Resources */,
				7980F14629E00E1900CBC3B7 /* Assets.xcassets in Resources */,
				7980F14429E00E1700CBC3B7 /* Main.storyboard in Resources */,
			);
			runOnlyForDeploymentPostprocessing = 0;
		};
		7980F14D29E00E1900CBC3B7 /* Resources */ = {
			isa = PBXResourcesBuildPhase;
			buildActionMask = 2147483647;
			files = (
			);
			runOnlyForDeploymentPostprocessing = 0;
		};
		7980F15729E00E1900CBC3B7 /* Resources */ = {
			isa = PBXResourcesBuildPhase;
			buildActionMask = 2147483647;
			files = (
			);
			runOnlyForDeploymentPostprocessing = 0;
		};
/* End PBXResourcesBuildPhase section */

/* Begin PBXSourcesBuildPhase section */
		7980F13529E00E1700CBC3B7 /* Sources */ = {
			isa = PBXSourcesBuildPhase;
			buildActionMask = 2147483647;
			files = (
				7980F14129E00E1700CBC3B7 /* ViewController.swift in Sources */,
				7980F13D29E00E1700CBC3B7 /* AppDelegate.swift in Sources */,
				7980F13F29E00E1700CBC3B7 /* SceneDelegate.swift in Sources */,
			);
			runOnlyForDeploymentPostprocessing = 0;
		};
		7980F14B29E00E1900CBC3B7 /* Sources */ = {
			isa = PBXSourcesBuildPhase;
			buildActionMask = 2147483647;
			files = (
				7980F15429E00E1900CBC3B7 /* NumbersTests.swift in Sources */,
			);
			runOnlyForDeploymentPostprocessing = 0;
		};
		7980F15529E00E1900CBC3B7 /* Sources */ = {
			isa = PBXSourcesBuildPhase;
			buildActionMask = 2147483647;
			files = (
				7980F15E29E00E1900CBC3B7 /* NumbersUITests.swift in Sources */,
				7980F16029E00E1900CBC3B7 /* NumbersUITestsLaunchTests.swift in Sources */,
			);
			runOnlyForDeploymentPostprocessing = 0;
		};
/* End PBXSourcesBuildPhase section */

/* Begin PBXTargetDependency section */
		7980F15129E00E1900CBC3B7 /* PBXTargetDependency */ = {
			isa = PBXTargetDependency;
			target = 7980F13829E00E1700CBC3B7 /* Numbers */;
			targetProxy = 7980F15029E00E1900CBC3B7 /* PBXContainerItemProxy */;
		};
		7980F15B29E00E1900CBC3B7 /* PBXTargetDependency */ = {
			isa = PBXTargetDependency;
			target = 7980F13829E00E1700CBC3B7 /* Numbers */;
			targetProxy = 7980F15A29E00E1900CBC3B7 /* PBXContainerItemProxy */;
		};
/* End PBXTargetDependency section */

/* Begin PBXVariantGroup section */
		7980F14229E00E1700CBC3B7 /* Main.storyboard */ = {
			isa = PBXVariantGroup;
			children = (
				7980F14329E00E1700CBC3B7 /* Base */,
			);
			name = Main.storyboard;
			sourceTree = "<group>";
		};
		7980F14729E00E1900CBC3B7 /* LaunchScreen.storyboard */ = {
			isa = PBXVariantGroup;
			children = (
				7980F14829E00E1900CBC3B7 /* Base */,
			);
			name = LaunchScreen.storyboard;
			sourceTree = "<group>";
		};
/* End PBXVariantGroup section */

/* Begin XCBuildConfiguration section */
		7980F16129E00E1900CBC3B7 /* Debug */ = {
			isa = XCBuildConfiguration;
			buildSettings = {
				ALWAYS_SEARCH_USER_PATHS = NO;
				CLANG_ANALYZER_NONNULL = YES;
				CLANG_ANALYZER_NUMBER_OBJECT_CONVERSION = YES_AGGRESSIVE;
				CLANG_CXX_LANGUAGE_STANDARD = "gnu++20";
				CLANG_ENABLE_MODULES = YES;
				CLANG_ENABLE_OBJC_ARC = YES;
				CLANG_ENABLE_OBJC_WEAK = YES;
				CLANG_WARN_BLOCK_CAPTURE_AUTORELEASING = YES;
				CLANG_WARN_BOOL_CONVERSION = YES;
				CLANG_WARN_COMMA = YES;
				CLANG_WARN_CONSTANT_CONVERSION = YES;
				CLANG_WARN_DEPRECATED_OBJC_IMPLEMENTATIONS = YES;
				CLANG_WARN_DIRECT_OBJC_ISA_USAGE = YES_ERROR;
				CLANG_WARN_DOCUMENTATION_COMMENTS = YES;
				CLANG_WARN_EMPTY_BODY = YES;
				CLANG_WARN_ENUM_CONVERSION = YES;
				CLANG_WARN_INFINITE_RECURSION = YES;
				CLANG_WARN_INT_CONVERSION = YES;
				CLANG_WARN_NON_LITERAL_NULL_CONVERSION = YES;
				CLANG_WARN_OBJC_IMPLICIT_RETAIN_SELF = YES;
				CLANG_WARN_OBJC_LITERAL_CONVERSION = YES;
				CLANG_WARN_OBJC_ROOT_CLASS = YES_ERROR;
				CLANG_WARN_QUOTED_INCLUDE_IN_FRAMEWORK_HEADER = YES;
				CLANG_WARN_RANGE_LOOP_ANALYSIS = YES;
				CLANG_WARN_STRICT_PROTOTYPES = YES;
				CLANG_WARN_SUSPICIOUS_MOVE = YES;
				CLANG_WARN_UNGUARDED_AVAILABILITY = YES_AGGRESSIVE;
				CLANG_WARN_UNREACHABLE_CODE = YES;
				CLANG_WARN__DUPLICATE_METHOD_MATCH = YES;
				COPY_PHASE_STRIP = NO;
				DEBUG_INFORMATION_FORMAT = dwarf;
				ENABLE_STRICT_OBJC_MSGSEND = YES;
				ENABLE_TESTABILITY = YES;
				GCC_C_LANGUAGE_STANDARD = gnu11;
				GCC_DYNAMIC_NO_PIC = NO;
				GCC_NO_COMMON_BLOCKS = YES;
				GCC_OPTIMIZATION_LEVEL = 0;
				GCC_PREPROCESSOR_DEFINITIONS = (
					"DEBUG=1",
					"$(inherited)",
				);
				GCC_WARN_64_TO_32_BIT_CONVERSION = YES;
				GCC_WARN_ABOUT_RETURN_TYPE = YES_ERROR;
				GCC_WARN_UNDECLARED_SELECTOR = YES;
				GCC_WARN_UNINITIALIZED_AUTOS = YES_AGGRESSIVE;
				GCC_WARN_UNUSED_FUNCTION = YES;
				GCC_WARN_UNUSED_VARIABLE = YES;
				IPHONEOS_DEPLOYMENT_TARGET = 16.2;
				MTL_ENABLE_DEBUG_INFO = INCLUDE_SOURCE;
				MTL_FAST_MATH = YES;
				ONLY_ACTIVE_ARCH = YES;
				SDKROOT = iphoneos;
				SWIFT_ACTIVE_COMPILATION_CONDITIONS = DEBUG;
				SWIFT_OPTIMIZATION_LEVEL = "-Onone";
			};
			name = Debug;
		};
		7980F16229E00E1900CBC3B7 /* Release */ = {
			isa = XCBuildConfiguration;
			buildSettings = {
				ALWAYS_SEARCH_USER_PATHS = NO;
				CLANG_ANALYZER_NONNULL = YES;
				CLANG_ANALYZER_NUMBER_OBJECT_CONVERSION = YES_AGGRESSIVE;
				CLANG_CXX_LANGUAGE_STANDARD = "gnu++20";
				CLANG_ENABLE_MODULES = YES;
				CLANG_ENABLE_OBJC_ARC = YES;
				CLANG_ENABLE_OBJC_WEAK = YES;
				CLANG_WARN_BLOCK_CAPTURE_AUTORELEASING = YES;
				CLANG_WARN_BOOL_CONVERSION = YES;
				CLANG_WARN_COMMA = YES;
				CLANG_WARN_CONSTANT_CONVERSION = YES;
				CLANG_WARN_DEPRECATED_OBJC_IMPLEMENTATIONS = YES;
				CLANG_WARN_DIRECT_OBJC_ISA_USAGE = YES_ERROR;
				CLANG_WARN_DOCUMENTATION_COMMENTS = YES;
				CLANG_WARN_EMPTY_BODY = YES;
				CLANG_WARN_ENUM_CONVERSION = YES;
				CLANG_WARN_INFINITE_RECURSION = YES;
				CLANG_WARN_INT_CONVERSION = YES;
				CLANG_WARN_NON_LITERAL_NULL_CONVERSION = YES;
				CLANG_WARN_OBJC_IMPLICIT_RETAIN_SELF = YES;
				CLANG_WARN_OBJC_LITERAL_CONVERSION = YES;
				CLANG_WARN_OBJC_ROOT_CLASS = YES_ERROR;
				CLANG_WARN_QUOTED_INCLUDE_IN_FRAMEWORK_HEADER = YES;
				CLANG_WARN_RANGE_LOOP_ANALYSIS = YES;
				CLANG_WARN_STRICT_PROTOTYPES = YES;
				CLANG_WARN_SUSPICIOUS_MOVE = YES;
				CLANG_WARN_UNGUARDED_AVAILABILITY = YES_AGGRESSIVE;
				CLANG_WARN_UNREACHABLE_CODE = YES;
				CLANG_WARN__DUPLICATE_METHOD_MATCH = YES;
				COPY_PHASE_STRIP = NO;
				DEBUG_INFORMATION_FORMAT = "dwarf-with-dsym";
				ENABLE_NS_ASSERTIONS = NO;
				ENABLE_STRICT_OBJC_MSGSEND = YES;
				GCC_C_LANGUAGE_STANDARD = gnu11;
				GCC_NO_COMMON_BLOCKS = YES;
				GCC_WARN_64_TO_32_BIT_CONVERSION = YES;
				GCC_WARN_ABOUT_RETURN_TYPE = YES_ERROR;
				GCC_WARN_UNDECLARED_SELECTOR = YES;
				GCC_WARN_UNINITIALIZED_AUTOS = YES_AGGRESSIVE;
				GCC_WARN_UNUSED_FUNCTION = YES;
				GCC_WARN_UNUSED_VARIABLE = YES;
				IPHONEOS_DEPLOYMENT_TARGET = 16.2;
				MTL_ENABLE_DEBUG_INFO = NO;
				MTL_FAST_MATH = YES;
				SDKROOT = iphoneos;
				SWIFT_COMPILATION_MODE = wholemodule;
				SWIFT_OPTIMIZATION_LEVEL = "-O";
				VALIDATE_PRODUCT = YES;
			};
			name = Release;
		};
		7980F16429E00E1900CBC3B7 /* Debug */ = {
			isa = XCBuildConfiguration;
			buildSettings = {
				ASSETCATALOG_COMPILER_APPICON_NAME = AppIcon;
				ASSETCATALOG_COMPILER_GLOBAL_ACCENT_COLOR_NAME = AccentColor;
				CODE_SIGN_STYLE = Automatic;
				CURRENT_PROJECT_VERSION = 1;
				DEVELOPMENT_TEAM = 7CPSWJN2YR;
				GENERATE_INFOPLIST_FILE = YES;
				INFOPLIST_FILE = Numbers/Info.plist;
				INFOPLIST_KEY_UIApplicationSupportsIndirectInputEvents = YES;
				INFOPLIST_KEY_UILaunchStoryboardName = LaunchScreen;
				INFOPLIST_KEY_UIMainStoryboardFile = Main;
				INFOPLIST_KEY_UISupportedInterfaceOrientations_iPad = "UIInterfaceOrientationPortrait UIInterfaceOrientationPortraitUpsideDown UIInterfaceOrientationLandscapeLeft UIInterfaceOrientationLandscapeRight";
				INFOPLIST_KEY_UISupportedInterfaceOrientations_iPhone = "UIInterfaceOrientationPortrait UIInterfaceOrientationLandscapeLeft UIInterfaceOrientationLandscapeRight";
				LD_RUNPATH_SEARCH_PATHS = (
					"$(inherited)",
					"@executable_path/Frameworks",
				);
				MARKETING_VERSION = 1.0;
				PRODUCT_BUNDLE_IDENTIFIER = fr.gridaineflore.Numbers;
				PRODUCT_NAME = "$(TARGET_NAME)";
				SWIFT_EMIT_LOC_STRINGS = YES;
				SWIFT_VERSION = 5.0;
				TARGETED_DEVICE_FAMILY = "1,2";
			};
			name = Debug;
		};
		7980F16529E00E1900CBC3B7 /* Release */ = {
			isa = XCBuildConfiguration;
			buildSettings = {
				ASSETCATALOG_COMPILER_APPICON_NAME = AppIcon;
				ASSETCATALOG_COMPILER_GLOBAL_ACCENT_COLOR_NAME = AccentColor;
				CODE_SIGN_STYLE = Automatic;
				CURRENT_PROJECT_VERSION = 1;
				DEVELOPMENT_TEAM = 7CPSWJN2YR;
				GENERATE_INFOPLIST_FILE = YES;
				INFOPLIST_FILE = Numbers/Info.plist;
				INFOPLIST_KEY_UIApplicationSupportsIndirectInputEvents = YES;
				INFOPLIST_KEY_UILaunchStoryboardName = LaunchScreen;
				INFOPLIST_KEY_UIMainStoryboardFile = Main;
				INFOPLIST_KEY_UISupportedInterfaceOrientations_iPad = "UIInterfaceOrientationPortrait UIInterfaceOrientationPortraitUpsideDown UIInterfaceOrientationLandscapeLeft UIInterfaceOrientationLandscapeRight";
				INFOPLIST_KEY_UISupportedInterfaceOrientations_iPhone = "UIInterfaceOrientationPortrait UIInterfaceOrientationLandscapeLeft UIInterfaceOrientationLandscapeRight";
				LD_RUNPATH_SEARCH_PATHS = (
					"$(inherited)",
					"@executable_path/Frameworks",
				);
				MARKETING_VERSION = 1.0;
				PRODUCT_BUNDLE_IDENTIFIER = fr.gridaineflore.Numbers;
				PRODUCT_NAME = "$(TARGET_NAME)";
				SWIFT_EMIT_LOC_STRINGS = YES;
				SWIFT_VERSION = 5.0;
				TARGETED_DEVICE_FAMILY = "1,2";
			};
			name = Release;
		};
		7980F16729E00E1900CBC3B7 /* Debug */ = {
			isa = XCBuildConfiguration;
			buildSettings = {
				ALWAYS_EMBED_SWIFT_STANDARD_LIBRARIES = YES;
				BUNDLE_LOADER = "$(TEST_HOST)";
				CODE_SIGN_STYLE = Automatic;
				CURRENT_PROJECT_VERSION = 1;
				DEVELOPMENT_TEAM = 7CPSWJN2YR;
				GENERATE_INFOPLIST_FILE = YES;
				IPHONEOS_DEPLOYMENT_TARGET = 16.2;
				MARKETING_VERSION = 1.0;
				PRODUCT_BUNDLE_IDENTIFIER = fr.gridaineflore.NumbersTests;
				PRODUCT_NAME = "$(TARGET_NAME)";
				SWIFT_EMIT_LOC_STRINGS = NO;
				SWIFT_VERSION = 5.0;
				TARGETED_DEVICE_FAMILY = "1,2";
				TEST_HOST = "$(BUILT_PRODUCTS_DIR)/Numbers.app/$(BUNDLE_EXECUTABLE_FOLDER_PATH)/Numbers";
			};
			name = Debug;
		};
		7980F16829E00E1900CBC3B7 /* Release */ = {
			isa = XCBuildConfiguration;
			buildSettings = {
				ALWAYS_EMBED_SWIFT_STANDARD_LIBRARIES = YES;
				BUNDLE_LOADER = "$(TEST_HOST)";
				CODE_SIGN_STYLE = Automatic;
				CURRENT_PROJECT_VERSION = 1;
				DEVELOPMENT_TEAM = 7CPSWJN2YR;
				GENERATE_INFOPLIST_FILE = YES;
				IPHONEOS_DEPLOYMENT_TARGET = 16.2;
				MARKETING_VERSION = 1.0;
				PRODUCT_BUNDLE_IDENTIFIER = fr.gridaineflore.NumbersTests;
				PRODUCT_NAME = "$(TARGET_NAME)";
				SWIFT_EMIT_LOC_STRINGS = NO;
				SWIFT_VERSION = 5.0;
				TARGETED_DEVICE_FAMILY = "1,2";
				TEST_HOST = "$(BUILT_PRODUCTS_DIR)/Numbers.app/$(BUNDLE_EXECUTABLE_FOLDER_PATH)/Numbers";
			};
			name = Release;
		};
		7980F16A29E00E1900CBC3B7 /* Debug */ = {
			isa = XCBuildConfiguration;
			buildSettings = {
				ALWAYS_EMBED_SWIFT_STANDARD_LIBRARIES = YES;
				CODE_SIGN_STYLE = Automatic;
				CURRENT_PROJECT_VERSION = 1;
				DEVELOPMENT_TEAM = 7CPSWJN2YR;
				GENERATE_INFOPLIST_FILE = YES;
				MARKETING_VERSION = 1.0;
				PRODUCT_BUNDLE_IDENTIFIER = fr.gridaineflore.NumbersUITests;
				PRODUCT_NAME = "$(TARGET_NAME)";
				SWIFT_EMIT_LOC_STRINGS = NO;
				SWIFT_VERSION = 5.0;
				TARGETED_DEVICE_FAMILY = "1,2";
				TEST_TARGET_NAME = Numbers;
			};
			name = Debug;
		};
		7980F16B29E00E1900CBC3B7 /* Release */ = {
			isa = XCBuildConfiguration;
			buildSettings = {
				ALWAYS_EMBED_SWIFT_STANDARD_LIBRARIES = YES;
				CODE_SIGN_STYLE = Automatic;
				CURRENT_PROJECT_VERSION = 1;
				DEVELOPMENT_TEAM = 7CPSWJN2YR;
				GENERATE_INFOPLIST_FILE = YES;
				MARKETING_VERSION = 1.0;
				PRODUCT_BUNDLE_IDENTIFIER = fr.gridaineflore.NumbersUITests;
				PRODUCT_NAME = "$(TARGET_NAME)";
				SWIFT_EMIT_LOC_STRINGS = NO;
				SWIFT_VERSION = 5.0;
				TARGETED_DEVICE_FAMILY = "1,2";
				TEST_TARGET_NAME = Numbers;
			};
			name = Release;
		};
/* End XCBuildConfiguration section */

/* Begin XCConfigurationList section */
		7980F13429E00E1700CBC3B7 /* Build configuration list for PBXProject "Numbers" */ = {
			isa = XCConfigurationList;
			buildConfigurations = (
				7980F16129E00E1900CBC3B7 /* Debug */,
				7980F16229E00E1900CBC3B7 /* Release */,
			);
			defaultConfigurationIsVisible = 0;
			defaultConfigurationName = Release;
		};
		7980F16329E00E1900CBC3B7 /* Build configuration list for PBXNativeTarget "Numbers" */ = {
			isa = XCConfigurationList;
			buildConfigurations = (
				7980F16429E00E1900CBC3B7 /* Debug */,
				7980F16529E00E1900CBC3B7 /* Release */,
			);
			defaultConfigurationIsVisible = 0;
			defaultConfigurationName = Release;
		};
		7980F16629E00E1900CBC3B7 /* Build configuration list for PBXNativeTarget "NumbersTests" */ = {
			isa = XCConfigurationList;
			buildConfigurations = (
				7980F16729E00E1900CBC3B7 /* Debug */,
				7980F16829E00E1900CBC3B7 /* Release */,
			);
			defaultConfigurationIsVisible = 0;
			defaultConfigurationName = Release;
		};
		7980F16929E00E1900CBC3B7 /* Build configuration list for PBXNativeTarget "NumbersUITests" */ = {
			isa = XCConfigurationList;
			buildConfigurations = (
				7980F16A29E00E1900CBC3B7 /* Debug */,
				7980F16B29E00E1900CBC3B7 /* Release */,
			);
			defaultConfigurationIsVisible = 0;
			defaultConfigurationName = Release;
		};
/* End XCConfigurationList section */
	};
	rootObject = 7980F13129E00E1700CBC3B7 /* Project object */;
}
